
Microsoft Visual Studio Solution File, Format Version 12.00
# Visual Studio 15
VisualStudioVersion = 15.0.28307.852
MinimumVisualStudioVersion = 10.0.40219.1
Project("{FAE04EC0-301F-11D3-BF4B-00C04F79EFBC}") = "FoodHealthModulo1Final", "FoodHealthModulo1Final\FoodHealthModulo1Final.csproj", "{07FB2489-1EF5-4D4F-9034-54714EA66466}"
EndProject
Project("{FAE04EC0-301F-11D3-BF4B-00C04F79EFBC}") = "FoodHealthModulo1Final.Tests", "FoodHealthModulo1Final.Tests\FoodHealthModulo1Final.Tests.csproj", "{9382E5E2-ADB8-4B5F-9E33-820BB5132257}"
EndProject
Global
	GlobalSection(SolutionConfigurationPlatforms) = preSolution
		Debug|Any CPU = Debug|Any CPU
		Release|Any CPU = Release|Any CPU
	EndGlobalSection
	GlobalSection(ProjectConfigurationPlatforms) = postSolution
		{07FB2489-1EF5-4D4F-9034-54714EA66466}.Debug|Any CPU.ActiveCfg = Debug|Any CPU
		{07FB2489-1EF5-4D4F-9034-54714EA66466}.Debug|Any CPU.Build.0 = Debug|Any CPU
		{07FB2489-1EF5-4D4F-9034-54714EA66466}.Release|Any CPU.ActiveCfg = Release|Any CPU
		{07FB2489-1EF5-4D4F-9034-54714EA66466}.Release|Any CPU.Build.0 = Release|Any CPU
		{9382E5E2-ADB8-4B5F-9E33-820BB5132257}.Debug|Any CPU.ActiveCfg = Debug|Any CPU
		{9382E5E2-ADB8-4B5F-9E33-820BB5132257}.Debug|Any CPU.Build.0 = Debug|Any CPU
		{9382E5E2-ADB8-4B5F-9E33-820BB5132257}.Release|Any CPU.ActiveCfg = Release|Any CPU
		{9382E5E2-ADB8-4B5F-9E33-820BB5132257}.Release|Any CPU.Build.0 = Release|Any CPU
	EndGlobalSection
	GlobalSection(SolutionProperties) = preSolution
		HideSolutionNode = FALSE
	EndGlobalSection
	GlobalSection(ExtensibilityGlobals) = postSolution
		SolutionGuid = {7A0A1923-AB30-4D60-A6FA-191D1E1F763C}
	EndGlobalSection
EndGlobal
